
Microsoft Visual Studio Solution File, Format Version 12.00
# Visual Studio 15
VisualStudioVersion = 15.0.28307.136
MinimumVisualStudioVersion = 10.0.40219.1
Project("{FAE04EC0-301F-11D3-BF4B-00C04F79EFBC}") = "ORMless", "ORMless.csproj", "{6C6BE12A-F6E9-4204-AF59-F2177C340A2C}"
EndProject
Global
	GlobalSection(SolutionConfigurationPlatforms) = preSolution
		Debug|Any CPU = Debug|Any CPU
		Release|Any CPU = Release|Any CPU
	EndGlobalSection
	GlobalSection(ProjectConfigurationPlatforms) = postSolution
		{6C6BE12A-F6E9-4204-AF59-F2177C340A2C}.Debug|Any CPU.ActiveCfg = Debug|Any CPU
		{6C6BE12A-F6E9-4204-AF59-F2177C340A2C}.Debug|Any CPU.Build.0 = Debug|Any CPU
		{6C6BE12A-F6E9-4204-AF59-F2177C340A2C}.Release|Any CPU.ActiveCfg = Release|Any CPU
		{6C6BE12A-F6E9-4204-AF59-F2177C340A2C}.Release|Any CPU.Build.0 = Release|Any CPU
	EndGlobalSection
	GlobalSection(SolutionProperties) = preSolution
		HideSolutionNode = FALSE
	EndGlobalSection
	GlobalSection(ExtensibilityGlobals) = postSolution
		SolutionGuid = {949509BA-ECA5-4D1B-B386-C8C1E35DC0C8}
	EndGlobalSection
EndGlobal
